
Microsoft Visual Studio Solution File, Format Version 12.00
# Visual Studio 14
VisualStudioVersion = 14.0.25420.1
MinimumVisualStudioVersion = 10.0.40219.1
Project("{FAE04EC0-301F-11D3-BF4B-00C04F79EFBC}") = "TForTea", "TForTea\TForTea.csproj", "{09AE44FD-9701-47CF-B541-764219EBE1D2}"
EndProject
Project("{2150E333-8FDC-42A3-9474-1A3956D46DE8}") = "TForTea.WinRT", "TForTea.WinRT", "{9A4E5F33-A803-4558-AEB0-87DF3D59F08A}"
EndProject
Project("{D954291E-2A0B-460D-934E-DC6B0785DB48}") = "TForTea.WinRT.Shared", "TForTea.WinRT\TForTea.WinRT.Shared\TForTea.WinRT.Shared.shproj", "{6C5DF49D-4F74-4404-B932-00042F64BF63}"
EndProject
Project("{FAE04EC0-301F-11D3-BF4B-00C04F79EFBC}") = "TForTea.WinRT.Windows", "TForTea.WinRT\TForTea.WinRT.Windows\TForTea.WinRT.Windows.csproj", "{D1FE1D59-45B2-49C9-9893-0D8D95498F59}"
EndProject
Project("{FAE04EC0-301F-11D3-BF4B-00C04F79EFBC}") = "ViewManager.PCL", "ViewManager.PCL\ViewManager.PCL.csproj", "{C1AF0F22-2247-4AEE-827D-319CFE83CDA0}"
EndProject
Global
	GlobalSection(SharedMSBuildProjectFiles) = preSolution
		TForTea.WinRT\TForTea.WinRT.Shared\TForTea.WinRT.Shared.projitems*{6c5df49d-4f74-4404-b932-00042f64bf63}*SharedItemsImports = 13
		TForTea.WinRT\TForTea.WinRT.Shared\TForTea.WinRT.Shared.projitems*{d1fe1d59-45b2-49c9-9893-0d8d95498f59}*SharedItemsImports = 4
	EndGlobalSection
	GlobalSection(SolutionConfigurationPlatforms) = preSolution
		Debug|Any CPU = Debug|Any CPU
		Debug|ARM = Debug|ARM
		Debug|x64 = Debug|x64
		Debug|x86 = Debug|x86
		Release|Any CPU = Release|Any CPU
		Release|ARM = Release|ARM
		Release|x64 = Release|x64
		Release|x86 = Release|x86
	EndGlobalSection
	GlobalSection(ProjectConfigurationPlatforms) = postSolution
		{09AE44FD-9701-47CF-B541-764219EBE1D2}.Debug|Any CPU.ActiveCfg = Debug|x86
		{09AE44FD-9701-47CF-B541-764219EBE1D2}.Debug|ARM.ActiveCfg = Debug|ARM
		{09AE44FD-9701-47CF-B541-764219EBE1D2}.Debug|ARM.Build.0 = Debug|ARM
		{09AE44FD-9701-47CF-B541-764219EBE1D2}.Debug|ARM.Deploy.0 = Debug|ARM
		{09AE44FD-9701-47CF-B541-764219EBE1D2}.Debug|x64.ActiveCfg = Debug|x64
		{09AE44FD-9701-47CF-B541-764219EBE1D2}.Debug|x64.Build.0 = Debug|x64
		{09AE44FD-9701-47CF-B541-764219EBE1D2}.Debug|x64.Deploy.0 = Debug|x64
		{09AE44FD-9701-47CF-B541-764219EBE1D2}.Debug|x86.ActiveCfg = Debug|x86
		{09AE44FD-9701-47CF-B541-764219EBE1D2}.Debug|x86.Build.0 = Debug|x86
		{09AE44FD-9701-47CF-B541-764219EBE1D2}.Debug|x86.Deploy.0 = Debug|x86
		{09AE44FD-9701-47CF-B541-764219EBE1D2}.Release|Any CPU.ActiveCfg = Release|x86
		{09AE44FD-9701-47CF-B541-764219EBE1D2}.Release|ARM.ActiveCfg = Release|ARM
		{09AE44FD-9701-47CF-B541-764219EBE1D2}.Release|ARM.Build.0 = Release|ARM
		{09AE44FD-9701-47CF-B541-764219EBE1D2}.Release|ARM.Deploy.0 = Release|ARM
		{09AE44FD-9701-47CF-B541-764219EBE1D2}.Release|x64.ActiveCfg = Release|x64
		{09AE44FD-9701-47CF-B541-764219EBE1D2}.Release|x64.Build.0 = Release|x64
		{09AE44FD-9701-47CF-B541-764219EBE1D2}.Release|x64.Deploy.0 = Release|x64
		{09AE44FD-9701-47CF-B541-764219EBE1D2}.Release|x86.ActiveCfg = Release|x86
		{09AE44FD-9701-47CF-B541-764219EBE1D2}.Release|x86.Build.0 = Release|x86
		{09AE44FD-9701-47CF-B541-764219EBE1D2}.Release|x86.Deploy.0 = Release|x86
		{D1FE1D59-45B2-49C9-9893-0D8D95498F59}.Debug|Any CPU.ActiveCfg = Debug|Any CPU
		{D1FE1D59-45B2-49C9-9893-0D8D95498F59}.Debug|Any CPU.Build.0 = Debug|Any CPU
		{D1FE1D59-45B2-49C9-9893-0D8D95498F59}.Debug|Any CPU.Deploy.0 = Debug|Any CPU
		{D1FE1D59-45B2-49C9-9893-0D8D95498F59}.Debug|ARM.ActiveCfg = Debug|ARM
		{D1FE1D59-45B2-49C9-9893-0D8D95498F59}.Debug|ARM.Build.0 = Debug|ARM
		{D1FE1D59-45B2-49C9-9893-0D8D95498F59}.Debug|ARM.Deploy.0 = Debug|ARM
		{D1FE1D59-45B2-49C9-9893-0D8D95498F59}.Debug|x64.ActiveCfg = Debug|x64
		{D1FE1D59-45B2-49C9-9893-0D8D95498F59}.Debug|x64.Build.0 = Debug|x64
		{D1FE1D59-45B2-49C9-9893-0D8D95498F59}.Debug|x64.Deploy.0 = Debug|x64
		{D1FE1D59-45B2-49C9-9893-0D8D95498F59}.Debug|x86.ActiveCfg = Debug|x86
		{D1FE1D59-45B2-49C9-9893-0D8D95498F59}.Debug|x86.Build.0 = Debug|x86
		{D1FE1D59-45B2-49C9-9893-0D8D95498F59}.Debug|x86.Deploy.0 = Debug|x86
		{D1FE1D59-45B2-49C9-9893-0D8D95498F59}.Release|Any CPU.ActiveCfg = Release|Any CPU
		{D1FE1D59-45B2-49C9-9893-0D8D95498F59}.Release|Any CPU.Build.0 = Release|Any CPU
		{D1FE1D59-45B2-49C9-9893-0D8D95498F59}.Release|Any CPU.Deploy.0 = Release|Any CPU
		{D1FE1D59-45B2-49C9-9893-0D8D95498F59}.Release|ARM.ActiveCfg = Release|ARM
		{D1FE1D59-45B2-49C9-9893-0D8D95498F59}.Release|ARM.Build.0 = Release|ARM
		{D1FE1D59-45B2-49C9-9893-0D8D95498F59}.Release|ARM.Deploy.0 = Release|ARM
		{D1FE1D59-45B2-49C9-9893-0D8D95498F59}.Release|x64.ActiveCfg = Release|x64
		{D1FE1D59-45B2-49C9-9893-0D8D95498F59}.Release|x64.Build.0 = Release|x64
		{D1FE1D59-45B2-49C9-9893-0D8D95498F59}.Release|x64.Deploy.0 = Release|x64
		{D1FE1D59-45B2-49C9-9893-0D8D95498F59}.Release|x86.ActiveCfg = Release|x86
		{D1FE1D59-45B2-49C9-9893-0D8D95498F59}.Release|x86.Build.0 = Release|x86
		{D1FE1D59-45B2-49C9-9893-0D8D95498F59}.Release|x86.Deploy.0 = Release|x86
		{C1AF0F22-2247-4AEE-827D-319CFE83CDA0}.Debug|Any CPU.ActiveCfg = Debug|Any CPU
		{C1AF0F22-2247-4AEE-827D-319CFE83CDA0}.Debug|Any CPU.Build.0 = Debug|Any CPU
		{C1AF0F22-2247-4AEE-827D-319CFE83CDA0}.Debug|ARM.ActiveCfg = Debug|Any CPU
		{C1AF0F22-2247-4AEE-827D-319CFE83CDA0}.Debug|ARM.Build.0 = Debug|Any CPU
		{C1AF0F22-2247-4AEE-827D-319CFE83CDA0}.Debug|x64.ActiveCfg = Debug|Any CPU
		{C1AF0F22-2247-4AEE-827D-319CFE83CDA0}.Debug|x64.Build.0 = Debug|Any CPU
		{C1AF0F22-2247-4AEE-827D-319CFE83CDA0}.Debug|x86.ActiveCfg = Debug|Any CPU
		{C1AF0F22-2247-4AEE-827D-319CFE83CDA0}.Debug|x86.Build.0 = Debug|Any CPU
		{C1AF0F22-2247-4AEE-827D-319CFE83CDA0}.Release|Any CPU.ActiveCfg = Release|Any CPU
		{C1AF0F22-2247-4AEE-827D-319CFE83CDA0}.Release|Any CPU.Build.0 = Release|Any CPU
		{C1AF0F22-2247-4AEE-827D-319CFE83CDA0}.Release|ARM.ActiveCfg = Release|Any CPU
		{C1AF0F22-2247-4AEE-827D-319CFE83CDA0}.Release|ARM.Build.0 = Release|Any CPU
		{C1AF0F22-2247-4AEE-827D-319CFE83CDA0}.Release|x64.ActiveCfg = Release|Any CPU
		{C1AF0F22-2247-4AEE-827D-319CFE83CDA0}.Release|x64.Build.0 = Release|Any CPU
		{C1AF0F22-2247-4AEE-827D-319CFE83CDA0}.Release|x86.ActiveCfg = Release|Any CPU
		{C1AF0F22-2247-4AEE-827D-319CFE83CDA0}.Release|x86.Build.0 = Release|Any CPU
	EndGlobalSection
	GlobalSection(SolutionProperties) = preSolution
		HideSolutionNode = FALSE
	EndGlobalSection
	GlobalSection(NestedProjects) = preSolution
		{6C5DF49D-4F74-4404-B932-00042F64BF63} = {9A4E5F33-A803-4558-AEB0-87DF3D59F08A}
		{D1FE1D59-45B2-49C9-9893-0D8D95498F59} = {9A4E5F33-A803-4558-AEB0-87DF3D59F08A}
		{C1AF0F22-2247-4AEE-827D-319CFE83CDA0} = {9A4E5F33-A803-4558-AEB0-87DF3D59F08A}
	EndGlobalSection
EndGlobal
